// !$*UTF8*$!
{
	archiveVersion = 1;
	classes = {
	};
	objectVersion = 56;
	objects = {

/* Begin PBXBuildFile section */
		5C333A6D2A1855E200D30764 /* LandMarksApp.swift in Sources */ = {isa = PBXBuildFile; fileRef = 5C333A6C2A1855E200D30764 /* LandMarksApp.swift */; };
		5C333A6F2A1855E200D30764 /* ContentView.swift in Sources */ = {isa = PBXBuildFile; fileRef = 5C333A6E2A1855E200D30764 /* ContentView.swift */; };
		5C333A712A1855E300D30764 /* Assets.xcassets in Resources */ = {isa = PBXBuildFile; fileRef = 5C333A702A1855E300D30764 /* Assets.xcassets */; };
		5C333A742A1855E300D30764 /* Preview Assets.xcassets in Resources */ = {isa = PBXBuildFile; fileRef = 5C333A732A1855E300D30764 /* Preview Assets.xcassets */; };
		5C333A7B2A185E2D00D30764 /* CircleImage.swift in Sources */ = {isa = PBXBuildFile; fileRef = 5C333A7A2A185E2D00D30764 /* CircleImage.swift */; };
		5C333A7D2A1860F800D30764 /* MapView.swift in Sources */ = {isa = PBXBuildFile; fileRef = 5C333A7C2A1860F800D30764 /* MapView.swift */; };
		5C333A7F2A186E1500D30764 /* landmarkData.json in Resources */ = {isa = PBXBuildFile; fileRef = 5C333A7E2A186E1500D30764 /* landmarkData.json */; };
		5C333A812A186E2F00D30764 /* Landmark.swift in Sources */ = {isa = PBXBuildFile; fileRef = 5C333A802A186E2F00D30764 /* Landmark.swift */; };
		5C333A832A18733200D30764 /* ModelData.swift in Sources */ = {isa = PBXBuildFile; fileRef = 5C333A822A18733200D30764 /* ModelData.swift */; };
		5C459C572A1ACDF700659A0C /* LandmarkList.swift in Sources */ = {isa = PBXBuildFile; fileRef = 5C459C562A1ACDF700659A0C /* LandmarkList.swift */; };
		5C459C592A1AD00A00659A0C /* LandmarkDetail.swift in Sources */ = {isa = PBXBuildFile; fileRef = 5C459C582A1AD00A00659A0C /* LandmarkDetail.swift */; };
		5CD0B3742A92911700F0ADF3 /* FavoriteButton.swift in Sources */ = {isa = PBXBuildFile; fileRef = 5CD0B3732A92911700F0ADF3 /* FavoriteButton.swift */; };
		5CD0B3772A92ED9700F0ADF3 /* HexagonParameters.swift in Sources */ = {isa = PBXBuildFile; fileRef = 5CD0B3762A92ED9700F0ADF3 /* HexagonParameters.swift */; };
		5CD0B3792A92F73400F0ADF3 /* BadgeBackground.swift in Sources */ = {isa = PBXBuildFile; fileRef = 5CD0B3782A92F73400F0ADF3 /* BadgeBackground.swift */; };
		5CD0B37C2A955AA000F0ADF3 /* BadgeSymbol.swift in Sources */ = {isa = PBXBuildFile; fileRef = 5CD0B37B2A955AA000F0ADF3 /* BadgeSymbol.swift */; };
		5CFBA2FF2A1973E600FEB31B /* LandmarkRow.swift in Sources */ = {isa = PBXBuildFile; fileRef = 5CFBA2FE2A1973E600FEB31B /* LandmarkRow.swift */; };
/* End PBXBuildFile section */

/* Begin PBXFileReference section */
		5C333A692A1855E200D30764 /* LandMarks.app */ = {isa = PBXFileReference; explicitFileType = wrapper.application; includeInIndex = 0; path = LandMarks.app; sourceTree = BUILT_PRODUCTS_DIR; };
		5C333A6C2A1855E200D30764 /* LandMarksApp.swift */ = {isa = PBXFileReference; lastKnownFileType = sourcecode.swift; path = LandMarksApp.swift; sourceTree = "<group>"; };
		5C333A6E2A1855E200D30764 /* ContentView.swift */ = {isa = PBXFileReference; lastKnownFileType = sourcecode.swift; path = ContentView.swift; sourceTree = "<group>"; };
		5C333A702A1855E300D30764 /* Assets.xcassets */ = {isa = PBXFileReference; lastKnownFileType = folder.assetcatalog; path = Assets.xcassets; sourceTree = "<group>"; };
		5C333A732A1855E300D30764 /* Preview Assets.xcassets */ = {isa = PBXFileReference; lastKnownFileType = folder.assetcatalog; path = "Preview Assets.xcassets"; sourceTree = "<group>"; };
		5C333A7A2A185E2D00D30764 /* CircleImage.swift */ = {isa = PBXFileReference; lastKnownFileType = sourcecode.swift; path = CircleImage.swift; sourceTree = "<group>"; };
		5C333A7C2A1860F800D30764 /* MapView.swift */ = {isa = PBXFileReference; lastKnownFileType = sourcecode.swift; path = MapView.swift; sourceTree = "<group>"; };
		5C333A7E2A186E1500D30764 /* landmarkData.json */ = {isa = PBXFileReference; fileEncoding = 4; lastKnownFileType = text.json; name = landmarkData.json; path = Resources/landmarkData.json; sourceTree = SOURCE_ROOT; };
		5C333A802A186E2F00D30764 /* Landmark.swift */ = {isa = PBXFileReference; lastKnownFileType = sourcecode.swift; path = Landmark.swift; sourceTree = "<group>"; };
		5C333A822A18733200D30764 /* ModelData.swift */ = {isa = PBXFileReference; lastKnownFileType = sourcecode.swift; path = ModelData.swift; sourceTree = "<group>"; };
		5C459C562A1ACDF700659A0C /* LandmarkList.swift */ = {isa = PBXFileReference; lastKnownFileType = sourcecode.swift; path = LandmarkList.swift; sourceTree = "<group>"; };
		5C459C582A1AD00A00659A0C /* LandmarkDetail.swift */ = {isa = PBXFileReference; lastKnownFileType = sourcecode.swift; path = LandmarkDetail.swift; sourceTree = "<group>"; };
		5CD0B3732A92911700F0ADF3 /* FavoriteButton.swift */ = {isa = PBXFileReference; lastKnownFileType = sourcecode.swift; path = FavoriteButton.swift; sourceTree = "<group>"; };
		5CD0B3762A92ED9700F0ADF3 /* HexagonParameters.swift */ = {isa = PBXFileReference; lastKnownFileType = sourcecode.swift; path = HexagonParameters.swift; sourceTree = "<group>"; };
		5CD0B3782A92F73400F0ADF3 /* BadgeBackground.swift */ = {isa = PBXFileReference; lastKnownFileType = sourcecode.swift; path = BadgeBackground.swift; sourceTree = "<group>"; };
		5CD0B37A2A93277C00F0ADF3 /* Notes.geojson */ = {isa = PBXFileReference; lastKnownFileType = text; path = Notes.geojson; sourceTree = "<group>"; };
		5CD0B37B2A955AA000F0ADF3 /* BadgeSymbol.swift */ = {isa = PBXFileReference; lastKnownFileType = sourcecode.swift; path = BadgeSymbol.swift; sourceTree = "<group>"; };
		5CFBA2FE2A1973E600FEB31B /* LandmarkRow.swift */ = {isa = PBXFileReference; lastKnownFileType = sourcecode.swift; path = LandmarkRow.swift; sourceTree = "<group>"; };
/* End PBXFileReference section */

/* Begin PBXFrameworksBuildPhase section */
		5C333A662A1855E200D30764 /* Frameworks */ = {
			isa = PBXFrameworksBuildPhase;
			buildActionMask = 2147483647;
			files = (
			);
			runOnlyForDeploymentPostprocessing = 0;
		};
/* End PBXFrameworksBuildPhase section */

/* Begin PBXGroup section */
		5C333A602A1855E200D30764 = {
			isa = PBXGroup;
			children = (
				5CD0B37B2A955AA000F0ADF3 /* BadgeSymbol.swift */,
				5CD0B37A2A93277C00F0ADF3 /* Notes.geojson */,
				5CD0B3782A92F73400F0ADF3 /* BadgeBackground.swift */,
				5CD0B3762A92ED9700F0ADF3 /* HexagonParameters.swift */,
				5C333A702A1855E300D30764 /* Assets.xcassets */,
				5C333A6B2A1855E200D30764 /* LandMarks */,
				5C333A842A18741900D30764 /* Views */,
				5C333A872A1874D000D30764 /* Model */,
				5C333A852A18746000D30764 /* Resources */,
				5C333A6A2A1855E200D30764 /* Products */,
			);
			sourceTree = "<group>";
		};
		5C333A6A2A1855E200D30764 /* Products */ = {
			isa = PBXGroup;
			children = (
				5C333A692A1855E200D30764 /* LandMarks.app */,
			);
			name = Products;
			sourceTree = "<group>";
		};
		5C333A6B2A1855E200D30764 /* LandMarks */ = {
			isa = PBXGroup;
			children = (
				5C333A6C2A1855E200D30764 /* LandMarksApp.swift */,
				5C333A722A1855E300D30764 /* Preview Content */,
			);
			path = LandMarks;
			sourceTree = "<group>";
		};
		5C333A722A1855E300D30764 /* Preview Content */ = {
			isa = PBXGroup;
			children = (
				5C333A732A1855E300D30764 /* Preview Assets.xcassets */,
			);
			path = "Preview Content";
			sourceTree = "<group>";
		};
		5C333A842A18741900D30764 /* Views */ = {
			isa = PBXGroup;
			children = (
				5C333A6E2A1855E200D30764 /* ContentView.swift */,
				5CFBA2FE2A1973E600FEB31B /* LandmarkRow.swift */,
				5C459C562A1ACDF700659A0C /* LandmarkList.swift */,
				5C459C582A1AD00A00659A0C /* LandmarkDetail.swift */,
				5CD0B3752A9297CC00F0ADF3 /* Helpers */,
			);
			path = Views;
			sourceTree = "<group>";
		};
		5C333A852A18746000D30764 /* Resources */ = {
			isa = PBXGroup;
			children = (
				5C333A7E2A186E1500D30764 /* landmarkData.json */,
			);
			path = Resources;
			sourceTree = "<group>";
		};
		5C333A872A1874D000D30764 /* Model */ = {
			isa = PBXGroup;
			children = (
				5C333A822A18733200D30764 /* ModelData.swift */,
				5C333A802A186E2F00D30764 /* Landmark.swift */,
			);
			name = Model;
			sourceTree = "<group>";
		};
		5CD0B3752A9297CC00F0ADF3 /* Helpers */ = {
			isa = PBXGroup;
			children = (
				5C333A7C2A1860F800D30764 /* MapView.swift */,
				5C333A7A2A185E2D00D30764 /* CircleImage.swift */,
				5CD0B3732A92911700F0ADF3 /* FavoriteButton.swift */,
			);
			path = Helpers;
			sourceTree = "<group>";
		};
/* End PBXGroup section */

/* Begin PBXNativeTarget section */
		5C333A682A1855E200D30764 /* LandMarks */ = {
			isa = PBXNativeTarget;
			buildConfigurationList = 5C333A772A1855E300D30764 /* Build configuration list for PBXNativeTarget "LandMarks" */;
			buildPhases = (
				5C333A652A1855E200D30764 /* Sources */,
				5C333A662A1855E200D30764 /* Frameworks */,
				5C333A672A1855E200D30764 /* Resources */,
			);
			buildRules = (
			);
			dependencies = (
			);
			name = LandMarks;
			productName = LandMarks;
			productReference = 5C333A692A1855E200D30764 /* LandMarks.app */;
			productType = "com.apple.product-type.application";
		};
/* End PBXNativeTarget section */

/* Begin PBXProject section */
		5C333A612A1855E200D30764 /* Project object */ = {
			isa = PBXProject;
			attributes = {
				BuildIndependentTargetsInParallel = 1;
				LastSwiftUpdateCheck = 1420;
				LastUpgradeCheck = 1420;
				TargetAttributes = {
					5C333A682A1855E200D30764 = {
						CreatedOnToolsVersion = 14.2;
					};
				};
			};
			buildConfigurationList = 5C333A642A1855E200D30764 /* Build configuration list for PBXProject "LandMarks" */;
			compatibilityVersion = "Xcode 14.0";
			developmentRegion = en;
			hasScannedForEncodings = 0;
			knownRegions = (
				en,
				Base,
			);
			mainGroup = 5C333A602A1855E200D30764;
			productRefGroup = 5C333A6A2A1855E200D30764 /* Products */;
			projectDirPath = "";
			projectRoot = "";
			targets = (
				5C333A682A1855E200D30764 /* LandMarks */,
			);
		};
/* End PBXProject section */

/* Begin PBXResourcesBuildPhase section */
		5C333A672A1855E200D30764 /* Resources */ = {
			isa = PBXResourcesBuildPhase;
			buildActionMask = 2147483647;
			files = (
				5C333A742A1855E300D30764 /* Preview Assets.xcassets in Resources */,
				5C333A712A1855E300D30764 /* Assets.xcassets in Resources */,
				5C333A7F2A186E1500D30764 /* landmarkData.json in Resources */,
			);
			runOnlyForDeploymentPostprocessing = 0;
		};
/* End PBXResourcesBuildPhase section */

/* Begin PBXSourcesBuildPhase section */
		5C333A652A1855E200D30764 /* Sources */ = {
			isa = PBXSourcesBuildPhase;
			buildActionMask = 2147483647;
			files = (
				5C333A6F2A1855E200D30764 /* ContentView.swift in Sources */,
				5C333A7D2A1860F800D30764 /* MapView.swift in Sources */,
				5C333A6D2A1855E200D30764 /* LandMarksApp.swift in Sources */,
				5CD0B3742A92911700F0ADF3 /* FavoriteButton.swift in Sources */,
				5CD0B3772A92ED9700F0ADF3 /* HexagonParameters.swift in Sources */,
				5CD0B37C2A955AA000F0ADF3 /* BadgeSymbol.swift in Sources */,
				5C459C572A1ACDF700659A0C /* LandmarkList.swift in Sources */,
				5C459C592A1AD00A00659A0C /* LandmarkDetail.swift in Sources */,
				5CD0B3792A92F73400F0ADF3 /* BadgeBackground.swift in Sources */,
				5C333A7B2A185E2D00D30764 /* CircleImage.swift in Sources */,
				5C333A812A186E2F00D30764 /* Landmark.swift in Sources */,
				5CFBA2FF2A1973E600FEB31B /* LandmarkRow.swift in Sources */,
				5C333A832A18733200D30764 /* ModelData.swift in Sources */,
			);
			runOnlyForDeploymentPostprocessing = 0;
		};
/* End PBXSourcesBuildPhase section */

/* Begin XCBuildConfiguration section */
		5C333A752A1855E300D30764 /* Debug */ = {
			isa = XCBuildConfiguration;
			buildSettings = {
				ALWAYS_SEARCH_USER_PATHS = NO;
				CLANG_ANALYZER_NONNULL = YES;
				CLANG_ANALYZER_NUMBER_OBJECT_CONVERSION = YES_AGGRESSIVE;
				CLANG_CXX_LANGUAGE_STANDARD = "gnu++20";
				CLANG_ENABLE_MODULES = YES;
				CLANG_ENABLE_OBJC_ARC = YES;
				CLANG_ENABLE_OBJC_WEAK = YES;
				CLANG_WARN_BLOCK_CAPTURE_AUTORELEASING = YES;
				CLANG_WARN_BOOL_CONVERSION = YES;
				CLANG_WARN_COMMA = YES;
				CLANG_WARN_CONSTANT_CONVERSION = YES;
				CLANG_WARN_DEPRECATED_OBJC_IMPLEMENTATIONS = YES;
				CLANG_WARN_DIRECT_OBJC_ISA_USAGE = YES_ERROR;
				CLANG_WARN_DOCUMENTATION_COMMENTS = YES;
				CLANG_WARN_EMPTY_BODY = YES;
				CLANG_WARN_ENUM_CONVERSION = YES;
				CLANG_WARN_INFINITE_RECURSION = YES;
				CLANG_WARN_INT_CONVERSION = YES;
				CLANG_WARN_NON_LITERAL_NULL_CONVERSION = YES;
				CLANG_WARN_OBJC_IMPLICIT_RETAIN_SELF = YES;
				CLANG_WARN_OBJC_LITERAL_CONVERSION = YES;
				CLANG_WARN_OBJC_ROOT_CLASS = YES_ERROR;
				CLANG_WARN_QUOTED_INCLUDE_IN_FRAMEWORK_HEADER = YES;
				CLANG_WARN_RANGE_LOOP_ANALYSIS = YES;
				CLANG_WARN_STRICT_PROTOTYPES = YES;
				CLANG_WARN_SUSPICIOUS_MOVE = YES;
				CLANG_WARN_UNGUARDED_AVAILABILITY = YES_AGGRESSIVE;
				CLANG_WARN_UNREACHABLE_CODE = YES;
				CLANG_WARN__DUPLICATE_METHOD_MATCH = YES;
				COPY_PHASE_STRIP = NO;
				DEBUG_INFORMATION_FORMAT = dwarf;
				ENABLE_STRICT_OBJC_MSGSEND = YES;
				ENABLE_TESTABILITY = YES;
				GCC_C_LANGUAGE_STANDARD = gnu11;
				GCC_DYNAMIC_NO_PIC = NO;
				GCC_NO_COMMON_BLOCKS = YES;
				GCC_OPTIMIZATION_LEVEL = 0;
				GCC_PREPROCESSOR_DEFINITIONS = (
					"DEBUG=1",
					"$(inherited)",
				);
				GCC_WARN_64_TO_32_BIT_CONVERSION = YES;
				GCC_WARN_ABOUT_RETURN_TYPE = YES_ERROR;
				GCC_WARN_UNDECLARED_SELECTOR = YES;
				GCC_WARN_UNINITIALIZED_AUTOS = YES_AGGRESSIVE;
				GCC_WARN_UNUSED_FUNCTION = YES;
				GCC_WARN_UNUSED_VARIABLE = YES;
				IPHONEOS_DEPLOYMENT_TARGET = 16.2;
				MTL_ENABLE_DEBUG_INFO = INCLUDE_SOURCE;
				MTL_FAST_MATH = YES;
				ONLY_ACTIVE_ARCH = YES;
				SDKROOT = iphoneos;
				SWIFT_ACTIVE_COMPILATION_CONDITIONS = DEBUG;
				SWIFT_OPTIMIZATION_LEVEL = "-Onone";
			};
			name = Debug;
		};
		5C333A762A1855E300D30764 /* Release */ = {
			isa = XCBuildConfiguration;
			buildSettings = {
				ALWAYS_SEARCH_USER_PATHS = NO;
				CLANG_ANALYZER_NONNULL = YES;
				CLANG_ANALYZER_NUMBER_OBJECT_CONVERSION = YES_AGGRESSIVE;
				CLANG_CXX_LANGUAGE_STANDARD = "gnu++20";
				CLANG_ENABLE_MODULES = YES;
				CLANG_ENABLE_OBJC_ARC = YES;
				CLANG_ENABLE_OBJC_WEAK = YES;
				CLANG_WARN_BLOCK_CAPTURE_AUTORELEASING = YES;
				CLANG_WARN_BOOL_CONVERSION = YES;
				CLANG_WARN_COMMA = YES;
				CLANG_WARN_CONSTANT_CONVERSION = YES;
				CLANG_WARN_DEPRECATED_OBJC_IMPLEMENTATIONS = YES;
				CLANG_WARN_DIRECT_OBJC_ISA_USAGE = YES_ERROR;
				CLANG_WARN_DOCUMENTATION_COMMENTS = YES;
				CLANG_WARN_EMPTY_BODY = YES;
				CLANG_WARN_ENUM_CONVERSION = YES;
				CLANG_WARN_INFINITE_RECURSION = YES;
				CLANG_WARN_INT_CONVERSION = YES;
				CLANG_WARN_NON_LITERAL_NULL_CONVERSION = YES;
				CLANG_WARN_OBJC_IMPLICIT_RETAIN_SELF = YES;
				CLANG_WARN_OBJC_LITERAL_CONVERSION = YES;
				CLANG_WARN_OBJC_ROOT_CLASS = YES_ERROR;
				CLANG_WARN_QUOTED_INCLUDE_IN_FRAMEWORK_HEADER = YES;
				CLANG_WARN_RANGE_LOOP_ANALYSIS = YES;
				CLANG_WARN_STRICT_PROTOTYPES = YES;
				CLANG_WARN_SUSPICIOUS_MOVE = YES;
				CLANG_WARN_UNGUARDED_AVAILABILITY = YES_AGGRESSIVE;
				CLANG_WARN_UNREACHABLE_CODE = YES;
				CLANG_WARN__DUPLICATE_METHOD_MATCH = YES;
				COPY_PHASE_STRIP = NO;
				DEBUG_INFORMATION_FORMAT = "dwarf-with-dsym";
				ENABLE_NS_ASSERTIONS = NO;
				ENABLE_STRICT_OBJC_MSGSEND = YES;
				GCC_C_LANGUAGE_STANDARD = gnu11;
				GCC_NO_COMMON_BLOCKS = YES;
				GCC_WARN_64_TO_32_BIT_CONVERSION = YES;
				GCC_WARN_ABOUT_RETURN_TYPE = YES_ERROR;
				GCC_WARN_UNDECLARED_SELECTOR = YES;
				GCC_WARN_UNINITIALIZED_AUTOS = YES_AGGRESSIVE;
				GCC_WARN_UNUSED_FUNCTION = YES;
				GCC_WARN_UNUSED_VARIABLE = YES;
				IPHONEOS_DEPLOYMENT_TARGET = 16.2;
				MTL_ENABLE_DEBUG_INFO = NO;
				MTL_FAST_MATH = YES;
				SDKROOT = iphoneos;
				SWIFT_COMPILATION_MODE = wholemodule;
				SWIFT_OPTIMIZATION_LEVEL = "-O";
				VALIDATE_PRODUCT = YES;
			};
			name = Release;
		};
		5C333A782A1855E300D30764 /* Debug */ = {
			isa = XCBuildConfiguration;
			buildSettings = {
				ASSETCATALOG_COMPILER_APPICON_NAME = AppIcon;
				ASSETCATALOG_COMPILER_GLOBAL_ACCENT_COLOR_NAME = AccentColor;
				CODE_SIGN_STYLE = Automatic;
				CURRENT_PROJECT_VERSION = 1;
				DEVELOPMENT_ASSET_PATHS = "\"LandMarks/Preview Content\"";
				DEVELOPMENT_TEAM = QX48Z9APJ2;
				ENABLE_PREVIEWS = YES;
				GENERATE_INFOPLIST_FILE = YES;
				INFOPLIST_KEY_UIApplicationSceneManifest_Generation = YES;
				INFOPLIST_KEY_UIApplicationSupportsIndirectInputEvents = YES;
				INFOPLIST_KEY_UILaunchScreen_Generation = YES;
				INFOPLIST_KEY_UISupportedInterfaceOrientations_iPad = "UIInterfaceOrientationPortrait UIInterfaceOrientationPortraitUpsideDown UIInterfaceOrientationLandscapeLeft UIInterfaceOrientationLandscapeRight";
				INFOPLIST_KEY_UISupportedInterfaceOrientations_iPhone = "UIInterfaceOrientationPortrait UIInterfaceOrientationLandscapeLeft UIInterfaceOrientationLandscapeRight";
				IPHONEOS_DEPLOYMENT_TARGET = 16.2;
				LD_RUNPATH_SEARCH_PATHS = (
					"$(inherited)",
					"@executable_path/Frameworks",
				);
				MARKETING_VERSION = 1.0;
				PRODUCT_BUNDLE_IDENTIFIER = com.simcoding.LandMarks;
				PRODUCT_NAME = "$(TARGET_NAME)";
				SWIFT_EMIT_LOC_STRINGS = YES;
				SWIFT_VERSION = 5.0;
				TARGETED_DEVICE_FAMILY = "1,2";
			};
			name = Debug;
		};
		5C333A792A1855E300D30764 /* Release */ = {
			isa = XCBuildConfiguration;
			buildSettings = {
				ASSETCATALOG_COMPILER_APPICON_NAME = AppIcon;
				ASSETCATALOG_COMPILER_GLOBAL_ACCENT_COLOR_NAME = AccentColor;
				CODE_SIGN_STYLE = Automatic;
				CURRENT_PROJECT_VERSION = 1;
				DEVELOPMENT_ASSET_PATHS = "\"LandMarks/Preview Content\"";
				DEVELOPMENT_TEAM = QX48Z9APJ2;
				ENABLE_PREVIEWS = YES;
				GENERATE_INFOPLIST_FILE = YES;
				INFOPLIST_KEY_UIApplicationSceneManifest_Generation = YES;
				INFOPLIST_KEY_UIApplicationSupportsIndirectInputEvents = YES;
				INFOPLIST_KEY_UILaunchScreen_Generation = YES;
				INFOPLIST_KEY_UISupportedInterfaceOrientations_iPad = "UIInterfaceOrientationPortrait UIInterfaceOrientationPortraitUpsideDown UIInterfaceOrientationLandscapeLeft UIInterfaceOrientationLandscapeRight";
				INFOPLIST_KEY_UISupportedInterfaceOrientations_iPhone = "UIInterfaceOrientationPortrait UIInterfaceOrientationLandscapeLeft UIInterfaceOrientationLandscapeRight";
				IPHONEOS_DEPLOYMENT_TARGET = 16.2;
				LD_RUNPATH_SEARCH_PATHS = (
					"$(inherited)",
					"@executable_path/Frameworks",
				);
				MARKETING_VERSION = 1.0;
				PRODUCT_BUNDLE_IDENTIFIER = com.simcoding.LandMarks;
				PRODUCT_NAME = "$(TARGET_NAME)";
				SWIFT_EMIT_LOC_STRINGS = YES;
				SWIFT_VERSION = 5.0;
				TARGETED_DEVICE_FAMILY = "1,2";
			};
			name = Release;
		};
/* End XCBuildConfiguration section */

/* Begin XCConfigurationList section */
		5C333A642A1855E200D30764 /* Build configuration list for PBXProject "LandMarks" */ = {
			isa = XCConfigurationList;
			buildConfigurations = (
				5C333A752A1855E300D30764 /* Debug */,
				5C333A762A1855E300D30764 /* Release */,
			);
			defaultConfigurationIsVisible = 0;
			defaultConfigurationName = Release;
		};
		5C333A772A1855E300D30764 /* Build configuration list for PBXNativeTarget "LandMarks" */ = {
			isa = XCConfigurationList;
			buildConfigurations = (
				5C333A782A1855E300D30764 /* Debug */,
				5C333A792A1855E300D30764 /* Release */,
			);
			defaultConfigurationIsVisible = 0;
			defaultConfigurationName = Release;
		};
/* End XCConfigurationList section */
	};
	rootObject = 5C333A612A1855E200D30764 /* Project object */;
}
